
Microsoft Visual Studio Solution File, Format Version 12.00
# Visual Studio Version 17
VisualStudioVersion = 17.14.36414.22 d17.14
MinimumVisualStudioVersion = 10.0.40219.1
Project("{FAE04EC0-301F-11D3-BF4B-00C04F79EFBC}") = "BlazorWebAppUTM", "BlazorWebAppUTM\BlazorWebAppUTM\BlazorWebAppUTM.csproj", "{6315E748-416A-4C82-83A6-099CC8514A7E}"
EndProject
Project("{FAE04EC0-301F-11D3-BF4B-00C04F79EFBC}") = "BlazorWebAppUTM.Client", "BlazorWebAppUTM\BlazorWebAppUTM.Client\BlazorWebAppUTM.Client.csproj", "{7CDCF5A8-8512-49C0-B752-C3E247CA8EF3}"
EndProject
Project("{E53339B2-1760-4266-BCC7-CA923CBCF16C}") = "docker-compose", "docker-compose.dcproj", "{81DDED9D-158B-E303-5F62-77A2896D2A5A}"
EndProject
Global
	GlobalSection(SolutionConfigurationPlatforms) = preSolution
		Debug|Any CPU = Debug|Any CPU
		Release|Any CPU = Release|Any CPU
	EndGlobalSection
	GlobalSection(ProjectConfigurationPlatforms) = postSolution
		{6315E748-416A-4C82-83A6-099CC8514A7E}.Debug|Any CPU.ActiveCfg = Debug|Any CPU
		{6315E748-416A-4C82-83A6-099CC8514A7E}.Debug|Any CPU.Build.0 = Debug|Any CPU
		{6315E748-416A-4C82-83A6-099CC8514A7E}.Release|Any CPU.ActiveCfg = Release|Any CPU
		{6315E748-416A-4C82-83A6-099CC8514A7E}.Release|Any CPU.Build.0 = Release|Any CPU
		{7CDCF5A8-8512-49C0-B752-C3E247CA8EF3}.Debug|Any CPU.ActiveCfg = Debug|Any CPU
		{7CDCF5A8-8512-49C0-B752-C3E247CA8EF3}.Debug|Any CPU.Build.0 = Debug|Any CPU
		{7CDCF5A8-8512-49C0-B752-C3E247CA8EF3}.Release|Any CPU.ActiveCfg = Release|Any CPU
		{7CDCF5A8-8512-49C0-B752-C3E247CA8EF3}.Release|Any CPU.Build.0 = Release|Any CPU
		{81DDED9D-158B-E303-5F62-77A2896D2A5A}.Debug|Any CPU.ActiveCfg = Debug|Any CPU
		{81DDED9D-158B-E303-5F62-77A2896D2A5A}.Debug|Any CPU.Build.0 = Debug|Any CPU
		{81DDED9D-158B-E303-5F62-77A2896D2A5A}.Release|Any CPU.ActiveCfg = Release|Any CPU
		{81DDED9D-158B-E303-5F62-77A2896D2A5A}.Release|Any CPU.Build.0 = Release|Any CPU
	EndGlobalSection
	GlobalSection(SolutionProperties) = preSolution
		HideSolutionNode = FALSE
	EndGlobalSection
	GlobalSection(ExtensibilityGlobals) = postSolution
		SolutionGuid = {8DADB733-4586-4856-8C64-756412F403C3}
	EndGlobalSection
EndGlobal
